
Microsoft Visual Studio Solution File, Format Version 12.00
# Visual Studio Version 16
VisualStudioVersion = 16.0.31229.75
MinimumVisualStudioVersion = 10.0.40219.1
Project("{9A19103F-16F7-4668-BE54-9A1E7A4F7556}") = "BooksCatalog.Infra", "BooksCatalog.Infra\BooksCatalog.Infra.csproj", "{5789AC3E-E3D3-4351-A265-6059D0575DEE}"
EndProject
Project("{FAE04EC0-301F-11D3-BF4B-00C04F79EFBC}") = "BooksCatalog.Core", "BooksCatalog.Core\BooksCatalog.Core.csproj", "{0F7647CB-6569-4782-B6FB-A478DE915D98}"
EndProject
Project("{FAE04EC0-301F-11D3-BF4B-00C04F79EFBC}") = "BooksCatalog.Shared", "BooksCatalog.Shared\BooksCatalog.Shared.csproj", "{5AD1199E-061A-468C-974E-2F013EEC2600}"
EndProject
Project("{FAE04EC0-301F-11D3-BF4B-00C04F79EFBC}") = "BooksCatalog.Api", "BooksCatalog.Api\BooksCatalog.Api.csproj", "{E095122B-F2FB-4AE5-9C4B-135997C07C90}"
EndProject
Project("{FAE04EC0-301F-11D3-BF4B-00C04F79EFBC}") = "BooksCatalog.Application", "BooksCatalog.Application\BooksCatalog.Application.csproj", "{DA296C81-74DA-4A8E-B23A-A64FB7906AB9}"
EndProject
Global
	GlobalSection(SolutionConfigurationPlatforms) = preSolution
		Debug|Any CPU = Debug|Any CPU
		Release|Any CPU = Release|Any CPU
	EndGlobalSection
	GlobalSection(ProjectConfigurationPlatforms) = postSolution
		{5789AC3E-E3D3-4351-A265-6059D0575DEE}.Debug|Any CPU.ActiveCfg = Debug|Any CPU
		{5789AC3E-E3D3-4351-A265-6059D0575DEE}.Debug|Any CPU.Build.0 = Debug|Any CPU
		{5789AC3E-E3D3-4351-A265-6059D0575DEE}.Release|Any CPU.ActiveCfg = Release|Any CPU
		{5789AC3E-E3D3-4351-A265-6059D0575DEE}.Release|Any CPU.Build.0 = Release|Any CPU
		{0F7647CB-6569-4782-B6FB-A478DE915D98}.Debug|Any CPU.ActiveCfg = Debug|Any CPU
		{0F7647CB-6569-4782-B6FB-A478DE915D98}.Debug|Any CPU.Build.0 = Debug|Any CPU
		{0F7647CB-6569-4782-B6FB-A478DE915D98}.Release|Any CPU.ActiveCfg = Release|Any CPU
		{0F7647CB-6569-4782-B6FB-A478DE915D98}.Release|Any CPU.Build.0 = Release|Any CPU
		{5AD1199E-061A-468C-974E-2F013EEC2600}.Debug|Any CPU.ActiveCfg = Debug|Any CPU
		{5AD1199E-061A-468C-974E-2F013EEC2600}.Debug|Any CPU.Build.0 = Debug|Any CPU
		{5AD1199E-061A-468C-974E-2F013EEC2600}.Release|Any CPU.ActiveCfg = Release|Any CPU
		{5AD1199E-061A-468C-974E-2F013EEC2600}.Release|Any CPU.Build.0 = Release|Any CPU
		{E095122B-F2FB-4AE5-9C4B-135997C07C90}.Debug|Any CPU.ActiveCfg = Debug|Any CPU
		{E095122B-F2FB-4AE5-9C4B-135997C07C90}.Debug|Any CPU.Build.0 = Debug|Any CPU
		{E095122B-F2FB-4AE5-9C4B-135997C07C90}.Release|Any CPU.ActiveCfg = Release|Any CPU
		{E095122B-F2FB-4AE5-9C4B-135997C07C90}.Release|Any CPU.Build.0 = Release|Any CPU
		{DA296C81-74DA-4A8E-B23A-A64FB7906AB9}.Debug|Any CPU.ActiveCfg = Debug|Any CPU
		{DA296C81-74DA-4A8E-B23A-A64FB7906AB9}.Debug|Any CPU.Build.0 = Debug|Any CPU
		{DA296C81-74DA-4A8E-B23A-A64FB7906AB9}.Release|Any CPU.ActiveCfg = Release|Any CPU
		{DA296C81-74DA-4A8E-B23A-A64FB7906AB9}.Release|Any CPU.Build.0 = Release|Any CPU
	EndGlobalSection
	GlobalSection(SolutionProperties) = preSolution
		HideSolutionNode = FALSE
	EndGlobalSection
	GlobalSection(ExtensibilityGlobals) = postSolution
		SolutionGuid = {EF1CC9F9-9284-4F30-BC3E-0AD3B2C0FAB6}
	EndGlobalSection
EndGlobal
